schema: '2.0'
stages:
  data_ingestion:
    cmd: python src/data_ingestion.py
    deps:
    - path: src/data_ingestion.py
      hash: md5
      md5: 828d5642687544cfb61dabe83e7585f3
      size: 3647
    params:
      params.yaml:
        data_ingestion.test_size: 0.3
    outs:
    - path: ./data/raw/
      hash: md5
      md5: d26befd2dda9438254177d9000d9ba1f.dir
      size: 484846
      nfiles: 2
  data_preprocessing:
    cmd: python src/data_preprocessing.py
    deps:
    - path: ./data/raw/
      hash: md5
      md5: d26befd2dda9438254177d9000d9ba1f.dir
      size: 484846
      nfiles: 2
    - path: src/data_preprocessing.py
      hash: md5
      md5: 304406bb4d76802a13f7bd6e5ce8fb00
      size: 3976
    outs:
    - path: data/interim
      hash: md5
      md5: 61ca13b2e20854a1f7bacbbcfeca409e.dir
      size: 262513
      nfiles: 2
  feature_engineering:
    cmd: python src/feature_engineering.py
    deps:
    - path: data/interim
      hash: md5
      md5: 61ca13b2e20854a1f7bacbbcfeca409e.dir
      size: 262513
      nfiles: 2
    - path: src/feature_engineering.py
      hash: md5
      md5: 65ed347ab2b2d2ad355c7e58d71075b6
      size: 3875
    params:
      params.yaml:
        feature_engineering.max_features: 20
    outs:
    - path: data/processed
      hash: md5
      md5: 78908de925a04401d77179caf9671074.dir
      size: 487599
      nfiles: 2
  model_building:
    cmd: python src/model_building.py
    deps:
    - path: data/processed
      hash: md5
      md5: 78908de925a04401d77179caf9671074.dir
      size: 487599
      nfiles: 2
    - path: src/model_building.py
      hash: md5
      md5: a3abe8d1489994ed2407261f8f091f50
      size: 4436
    params:
      params.yaml:
        model_building.n_estimators: 15
        model_building.random_state: 2
    outs:
    - path: models/model.pkl
      hash: md5
      md5: 33f953595005d0702b02f2b32ba7ea12
      size: 306006
  model_evaluation:
    cmd: python src/model_evaluation.py
    deps:
    - path: models/model.pkl
      hash: md5
      md5: 33f953595005d0702b02f2b32ba7ea12
      size: 306006
    - path: src/model_evaluation.py
      hash: md5
      md5: 9a5c02a2d9baf2158d9828fb3db05d54
      size: 4737
    outs:
    - path: reports/metrics.json
      hash: md5
      md5: ab897d1b58a99065546eeb1e749fc338
      size: 144
