schema: '2.0'
stages:
  data_ingestion:
    cmd: python src/data_ingestion.py
    deps:
    - path: src/data_ingestion.py
      hash: md5
      md5: 828d5642687544cfb61dabe83e7585f3
      size: 3647
    params:
      params.yaml:
        data_ingestion.test_size: 0.25
    outs:
    - path: ./data/raw/
      hash: md5
      md5: 04dd235295cb72c313e376c794dbd399.dir
      size: 484846
      nfiles: 2
  data_preprocessing:
    cmd: python src/data_preprocessing.py
    deps:
    - path: ./data/raw/
      hash: md5
      md5: 04dd235295cb72c313e376c794dbd399.dir
      size: 484846
      nfiles: 2
    - path: src/data_preprocessing.py
      hash: md5
      md5: 304406bb4d76802a13f7bd6e5ce8fb00
      size: 3976
    outs:
    - path: data/interim
      hash: md5
      md5: a93065f5a2727e5e7dd327b4604144d5.dir
      size: 261440
      nfiles: 2
  feature_engineering:
    cmd: python src/feature_engineering.py
    deps:
    - path: data/interim
      hash: md5
      md5: a93065f5a2727e5e7dd327b4604144d5.dir
      size: 261440
      nfiles: 2
    - path: src/feature_engineering.py
      hash: md5
      md5: 65ed347ab2b2d2ad355c7e58d71075b6
      size: 3875
    params:
      params.yaml:
        feature_engineering.max_features: 20
    outs:
    - path: data/processed
      hash: md5
      md5: 4c19d208956a85de6ea2caf40203a68a.dir
      size: 486008
      nfiles: 2
  model_building:
    cmd: python src/model_building.py
    deps:
    - path: data/processed
      hash: md5
      md5: 4c19d208956a85de6ea2caf40203a68a.dir
      size: 486008
      nfiles: 2
    - path: src/model_building.py
      hash: md5
      md5: a3abe8d1489994ed2407261f8f091f50
      size: 4436
    params:
      params.yaml:
        model_building.n_estimators: 15
        model_building.random_state: 2
    outs:
    - path: models/model.pkl
      hash: md5
      md5: dfe7b6bf6f62c4a25d626f449e50212b
      size: 339950
  model_evaluation:
    cmd: python src/model_evaluation.py
    deps:
    - path: models/model.pkl
      hash: md5
      md5: dfe7b6bf6f62c4a25d626f449e50212b
      size: 339950
    - path: src/model_evaluation.py
      hash: md5
      md5: af5b07c1ad5abca1c5f79c2bedee4664
      size: 4723
    outs:
    - path: reports/metrics.json
      hash: md5
      md5: c1dedd8d169d1f04c1d1f56f0889deba
      size: 145
